
Microsoft Visual Studio Solution File, Format Version 12.00
# Visual Studio 15
VisualStudioVersion = 15.0.27703.2047
MinimumVisualStudioVersion = 10.0.40219.1
Project("{FAE04EC0-301F-11D3-BF4B-00C04F79EFBC}") = "WindowsFormsBall_2", "WindowsFormsBall_2\WindowsFormsBall_2.csproj", "{C9B9EB23-1A4E-48EC-BC1C-4AC2CDF1809F}"
EndProject
Global
	GlobalSection(SolutionConfigurationPlatforms) = preSolution
		Debug|Any CPU = Debug|Any CPU
		Release|Any CPU = Release|Any CPU
	EndGlobalSection
	GlobalSection(ProjectConfigurationPlatforms) = postSolution
		{C9B9EB23-1A4E-48EC-BC1C-4AC2CDF1809F}.Debug|Any CPU.ActiveCfg = Debug|Any CPU
		{C9B9EB23-1A4E-48EC-BC1C-4AC2CDF1809F}.Debug|Any CPU.Build.0 = Debug|Any CPU
		{C9B9EB23-1A4E-48EC-BC1C-4AC2CDF1809F}.Release|Any CPU.ActiveCfg = Release|Any CPU
		{C9B9EB23-1A4E-48EC-BC1C-4AC2CDF1809F}.Release|Any CPU.Build.0 = Release|Any CPU
	EndGlobalSection
	GlobalSection(SolutionProperties) = preSolution
		HideSolutionNode = FALSE
	EndGlobalSection
	GlobalSection(ExtensibilityGlobals) = postSolution
		SolutionGuid = {5CA4E8E1-F3ED-4218-882D-473CF0B478D7}
	EndGlobalSection
EndGlobal
